// !$*UTF8*$!
{
	archiveVersion = 1;
	classes = {
	};
	objectVersion = 56;
	objects = {

/* Begin PBXBuildFile section */
		5A0410442B5F097000F8C330 /* BulletView.swift in Sources */ = {isa = PBXBuildFile; fileRef = 5A0410432B5F097000F8C330 /* BulletView.swift */; };
		5A0410462B5F5DA400F8C330 /* AsteroidView.swift in Sources */ = {isa = PBXBuildFile; fileRef = 5A0410452B5F5DA400F8C330 /* AsteroidView.swift */; };
		5A0410482B5F5DBD00F8C330 /* Asteroid.swift in Sources */ = {isa = PBXBuildFile; fileRef = 5A0410472B5F5DBD00F8C330 /* Asteroid.swift */; };
		5A0410672B601F9500F8C330 /* AsteroidHorizontalMovement.swift in Sources */ = {isa = PBXBuildFile; fileRef = 5A0410662B601F9500F8C330 /* AsteroidHorizontalMovement.swift */; };
		5A131B7F2B62D07B00BD530D /* ShipView.swift in Sources */ = {isa = PBXBuildFile; fileRef = 5A131B7E2B62D07B00BD530D /* ShipView.swift */; };
		5A131B812B62E62200BD530D /* PauseView.swift in Sources */ = {isa = PBXBuildFile; fileRef = 5A131B802B62E62200BD530D /* PauseView.swift */; };
		5A131B832B634FAD00BD530D /* GameState.swift in Sources */ = {isa = PBXBuildFile; fileRef = 5A131B822B634FAD00BD530D /* GameState.swift */; };
		5A137BAD2B63FC0A006605F4 /* GameOverView.swift in Sources */ = {isa = PBXBuildFile; fileRef = 5A137BAC2B63FC0A006605F4 /* GameOverView.swift */; };
		5A137BAF2B640285006605F4 /* InitialView.swift in Sources */ = {isa = PBXBuildFile; fileRef = 5A137BAE2B640285006605F4 /* InitialView.swift */; };
		5A137BB32B6435AB006605F4 /* SpaceView.swift in Sources */ = {isa = PBXBuildFile; fileRef = 5A137BB22B6435AB006605F4 /* SpaceView.swift */; };
		5A137BB52B646183006605F4 /* Ship.swift in Sources */ = {isa = PBXBuildFile; fileRef = 5A137BB42B646183006605F4 /* Ship.swift */; };
		5A137BB72B65F2F7006605F4 /* Const.swift in Sources */ = {isa = PBXBuildFile; fileRef = 5A137BB62B65F2F7006605F4 /* Const.swift */; };
		5A137BBD2B66B938006605F4 /* AsteroidsGenerator.swift in Sources */ = {isa = PBXBuildFile; fileRef = 5A137BBC2B66B938006605F4 /* AsteroidsGenerator.swift */; };
		5A137BBF2B66F6A2006605F4 /* GameViewModel.swift in Sources */ = {isa = PBXBuildFile; fileRef = 5A137BBE2B66F6A2006605F4 /* GameViewModel.swift */; };
		5A2A9CE72B5C3AFD0067DC6A /* GalaxianSwiftUIApp.swift in Sources */ = {isa = PBXBuildFile; fileRef = 5A2A9CE62B5C3AFD0067DC6A /* GalaxianSwiftUIApp.swift */; };
		5A2A9CE92B5C3AFD0067DC6A /* GameView.swift in Sources */ = {isa = PBXBuildFile; fileRef = 5A2A9CE82B5C3AFD0067DC6A /* GameView.swift */; };
		5A2A9CEB2B5C3B000067DC6A /* Assets.xcassets in Resources */ = {isa = PBXBuildFile; fileRef = 5A2A9CEA2B5C3B000067DC6A /* Assets.xcassets */; };
		5A2A9CEE2B5C3B000067DC6A /* Preview Assets.xcassets in Resources */ = {isa = PBXBuildFile; fileRef = 5A2A9CED2B5C3B000067DC6A /* Preview Assets.xcassets */; };
		5A2A9CF52B5C3F7B0067DC6A /* JoystickView.swift in Sources */ = {isa = PBXBuildFile; fileRef = 5A2A9CF42B5C3F7B0067DC6A /* JoystickView.swift */; };
		5A2A9CF72B5C765F0067DC6A /* TestView.swift in Sources */ = {isa = PBXBuildFile; fileRef = 5A2A9CF62B5C765F0067DC6A /* TestView.swift */; };
/* End PBXBuildFile section */

/* Begin PBXFileReference section */
		5A0410432B5F097000F8C330 /* BulletView.swift */ = {isa = PBXFileReference; lastKnownFileType = sourcecode.swift; path = BulletView.swift; sourceTree = "<group>"; };
		5A0410452B5F5DA400F8C330 /* AsteroidView.swift */ = {isa = PBXFileReference; lastKnownFileType = sourcecode.swift; path = AsteroidView.swift; sourceTree = "<group>"; };
		5A0410472B5F5DBD00F8C330 /* Asteroid.swift */ = {isa = PBXFileReference; lastKnownFileType = sourcecode.swift; path = Asteroid.swift; sourceTree = "<group>"; };
		5A0410662B601F9500F8C330 /* AsteroidHorizontalMovement.swift */ = {isa = PBXFileReference; lastKnownFileType = sourcecode.swift; path = AsteroidHorizontalMovement.swift; sourceTree = "<group>"; };
		5A131B7E2B62D07B00BD530D /* ShipView.swift */ = {isa = PBXFileReference; lastKnownFileType = sourcecode.swift; path = ShipView.swift; sourceTree = "<group>"; };
		5A131B802B62E62200BD530D /* PauseView.swift */ = {isa = PBXFileReference; lastKnownFileType = sourcecode.swift; path = PauseView.swift; sourceTree = "<group>"; };
		5A131B822B634FAD00BD530D /* GameState.swift */ = {isa = PBXFileReference; lastKnownFileType = sourcecode.swift; path = GameState.swift; sourceTree = "<group>"; };
		5A137BAC2B63FC0A006605F4 /* GameOverView.swift */ = {isa = PBXFileReference; lastKnownFileType = sourcecode.swift; path = GameOverView.swift; sourceTree = "<group>"; };
		5A137BAE2B640285006605F4 /* InitialView.swift */ = {isa = PBXFileReference; lastKnownFileType = sourcecode.swift; path = InitialView.swift; sourceTree = "<group>"; };
		5A137BB22B6435AB006605F4 /* SpaceView.swift */ = {isa = PBXFileReference; lastKnownFileType = sourcecode.swift; path = SpaceView.swift; sourceTree = "<group>"; };
		5A137BB42B646183006605F4 /* Ship.swift */ = {isa = PBXFileReference; lastKnownFileType = sourcecode.swift; path = Ship.swift; sourceTree = "<group>"; };
		5A137BB62B65F2F7006605F4 /* Const.swift */ = {isa = PBXFileReference; lastKnownFileType = sourcecode.swift; path = Const.swift; sourceTree = "<group>"; };
		5A137BBC2B66B938006605F4 /* AsteroidsGenerator.swift */ = {isa = PBXFileReference; lastKnownFileType = sourcecode.swift; path = AsteroidsGenerator.swift; sourceTree = "<group>"; };
		5A137BBE2B66F6A2006605F4 /* GameViewModel.swift */ = {isa = PBXFileReference; fileEncoding = 4; lastKnownFileType = sourcecode.swift; path = GameViewModel.swift; sourceTree = "<group>"; };
		5A2A9CE32B5C3AFD0067DC6A /* GalaxianSwiftUI.app */ = {isa = PBXFileReference; explicitFileType = wrapper.application; includeInIndex = 0; path = GalaxianSwiftUI.app; sourceTree = BUILT_PRODUCTS_DIR; };
		5A2A9CE62B5C3AFD0067DC6A /* GalaxianSwiftUIApp.swift */ = {isa = PBXFileReference; lastKnownFileType = sourcecode.swift; path = GalaxianSwiftUIApp.swift; sourceTree = "<group>"; };
		5A2A9CE82B5C3AFD0067DC6A /* GameView.swift */ = {isa = PBXFileReference; lastKnownFileType = sourcecode.swift; path = GameView.swift; sourceTree = "<group>"; };
		5A2A9CEA2B5C3B000067DC6A /* Assets.xcassets */ = {isa = PBXFileReference; lastKnownFileType = folder.assetcatalog; path = Assets.xcassets; sourceTree = "<group>"; };
		5A2A9CED2B5C3B000067DC6A /* Preview Assets.xcassets */ = {isa = PBXFileReference; lastKnownFileType = folder.assetcatalog; path = "Preview Assets.xcassets"; sourceTree = "<group>"; };
		5A2A9CF42B5C3F7B0067DC6A /* JoystickView.swift */ = {isa = PBXFileReference; lastKnownFileType = sourcecode.swift; path = JoystickView.swift; sourceTree = "<group>"; };
		5A2A9CF62B5C765F0067DC6A /* TestView.swift */ = {isa = PBXFileReference; lastKnownFileType = sourcecode.swift; path = TestView.swift; sourceTree = "<group>"; };
/* End PBXFileReference section */

/* Begin PBXFrameworksBuildPhase section */
		5A2A9CE02B5C3AFD0067DC6A /* Frameworks */ = {
			isa = PBXFrameworksBuildPhase;
			buildActionMask = 2147483647;
			files = (
			);
			runOnlyForDeploymentPostprocessing = 0;
		};
/* End PBXFrameworksBuildPhase section */

/* Begin PBXGroup section */
		5A0410652B601F7100F8C330 /* model */ = {
			isa = PBXGroup;
			children = (
				5A0410472B5F5DBD00F8C330 /* Asteroid.swift */,
				5A0410662B601F9500F8C330 /* AsteroidHorizontalMovement.swift */,
				5A131B822B634FAD00BD530D /* GameState.swift */,
				5A137BB42B646183006605F4 /* Ship.swift */,
				5A137BB62B65F2F7006605F4 /* Const.swift */,
				5A137BBC2B66B938006605F4 /* AsteroidsGenerator.swift */,
			);
			path = model;
			sourceTree = "<group>";
		};
		5A0410682B60285000F8C330 /* viewmodel */ = {
			isa = PBXGroup;
			children = (
				5A137BBE2B66F6A2006605F4 /* GameViewModel.swift */,
			);
			path = viewmodel;
			sourceTree = "<group>";
		};
		5A131B7D2B62236400BD530D /* view */ = {
			isa = PBXGroup;
			children = (
				5A2A9CE82B5C3AFD0067DC6A /* GameView.swift */,
				5A0410432B5F097000F8C330 /* BulletView.swift */,
				5A0410452B5F5DA400F8C330 /* AsteroidView.swift */,
				5A2A9CF62B5C765F0067DC6A /* TestView.swift */,
				5A2A9CF42B5C3F7B0067DC6A /* JoystickView.swift */,
				5A131B7E2B62D07B00BD530D /* ShipView.swift */,
				5A131B802B62E62200BD530D /* PauseView.swift */,
				5A137BAC2B63FC0A006605F4 /* GameOverView.swift */,
				5A137BAE2B640285006605F4 /* InitialView.swift */,
				5A137BB22B6435AB006605F4 /* SpaceView.swift */,
			);
			path = view;
			sourceTree = "<group>";
		};
		5A2A9CDA2B5C3AFD0067DC6A = {
			isa = PBXGroup;
			children = (
				5A2A9CE52B5C3AFD0067DC6A /* GalaxianSwiftUI */,
				5A2A9CE42B5C3AFD0067DC6A /* Products */,
			);
			sourceTree = "<group>";
		};
		5A2A9CE42B5C3AFD0067DC6A /* Products */ = {
			isa = PBXGroup;
			children = (
				5A2A9CE32B5C3AFD0067DC6A /* GalaxianSwiftUI.app */,
			);
			name = Products;
			sourceTree = "<group>";
		};
		5A2A9CE52B5C3AFD0067DC6A /* GalaxianSwiftUI */ = {
			isa = PBXGroup;
			children = (
				5A131B7D2B62236400BD530D /* view */,
				5ACBB2CD2B61545F00CD9519 /* extension */,
				5A0410682B60285000F8C330 /* viewmodel */,
				5A0410652B601F7100F8C330 /* model */,
				5A2A9CE62B5C3AFD0067DC6A /* GalaxianSwiftUIApp.swift */,
				5A2A9CEA2B5C3B000067DC6A /* Assets.xcassets */,
				5A2A9CEC2B5C3B000067DC6A /* Preview Content */,
			);
			path = GalaxianSwiftUI;
			sourceTree = "<group>";
		};
		5A2A9CEC2B5C3B000067DC6A /* Preview Content */ = {
			isa = PBXGroup;
			children = (
				5A2A9CED2B5C3B000067DC6A /* Preview Assets.xcassets */,
			);
			path = "Preview Content";
			sourceTree = "<group>";
		};
		5ACBB2CD2B61545F00CD9519 /* extension */ = {
			isa = PBXGroup;
			children = (
			);
			path = extension;
			sourceTree = "<group>";
		};
/* End PBXGroup section */

/* Begin PBXNativeTarget section */
		5A2A9CE22B5C3AFD0067DC6A /* GalaxianSwiftUI */ = {
			isa = PBXNativeTarget;
			buildConfigurationList = 5A2A9CF12B5C3B000067DC6A /* Build configuration list for PBXNativeTarget "GalaxianSwiftUI" */;
			buildPhases = (
				5A2A9CDF2B5C3AFD0067DC6A /* Sources */,
				5A2A9CE02B5C3AFD0067DC6A /* Frameworks */,
				5A2A9CE12B5C3AFD0067DC6A /* Resources */,
			);
			buildRules = (
			);
			dependencies = (
			);
			name = GalaxianSwiftUI;
			productName = GalaxianSwiftUI;
			productReference = 5A2A9CE32B5C3AFD0067DC6A /* GalaxianSwiftUI.app */;
			productType = "com.apple.product-type.application";
		};
/* End PBXNativeTarget section */

/* Begin PBXProject section */
		5A2A9CDB2B5C3AFD0067DC6A /* Project object */ = {
			isa = PBXProject;
			attributes = {
				BuildIndependentTargetsInParallel = 1;
				LastSwiftUpdateCheck = 1520;
				LastUpgradeCheck = 1520;
				TargetAttributes = {
					5A2A9CE22B5C3AFD0067DC6A = {
						CreatedOnToolsVersion = 15.2;
					};
				};
			};
			buildConfigurationList = 5A2A9CDE2B5C3AFD0067DC6A /* Build configuration list for PBXProject "GalaxianSwiftUI" */;
			compatibilityVersion = "Xcode 14.0";
			developmentRegion = en;
			hasScannedForEncodings = 0;
			knownRegions = (
				en,
				Base,
			);
			mainGroup = 5A2A9CDA2B5C3AFD0067DC6A;
			productRefGroup = 5A2A9CE42B5C3AFD0067DC6A /* Products */;
			projectDirPath = "";
			projectRoot = "";
			targets = (
				5A2A9CE22B5C3AFD0067DC6A /* GalaxianSwiftUI */,
			);
		};
/* End PBXProject section */

/* Begin PBXResourcesBuildPhase section */
		5A2A9CE12B5C3AFD0067DC6A /* Resources */ = {
			isa = PBXResourcesBuildPhase;
			buildActionMask = 2147483647;
			files = (
				5A2A9CEE2B5C3B000067DC6A /* Preview Assets.xcassets in Resources */,
				5A2A9CEB2B5C3B000067DC6A /* Assets.xcassets in Resources */,
			);
			runOnlyForDeploymentPostprocessing = 0;
		};
/* End PBXResourcesBuildPhase section */

/* Begin PBXSourcesBuildPhase section */
		5A2A9CDF2B5C3AFD0067DC6A /* Sources */ = {
			isa = PBXSourcesBuildPhase;
			buildActionMask = 2147483647;
			files = (
				5A131B7F2B62D07B00BD530D /* ShipView.swift in Sources */,
				5A137BB32B6435AB006605F4 /* SpaceView.swift in Sources */,
				5A131B832B634FAD00BD530D /* GameState.swift in Sources */,
				5A2A9CE92B5C3AFD0067DC6A /* GameView.swift in Sources */,
				5A0410672B601F9500F8C330 /* AsteroidHorizontalMovement.swift in Sources */,
				5A2A9CF72B5C765F0067DC6A /* TestView.swift in Sources */,
				5A2A9CE72B5C3AFD0067DC6A /* GalaxianSwiftUIApp.swift in Sources */,
				5A0410442B5F097000F8C330 /* BulletView.swift in Sources */,
				5A137BAF2B640285006605F4 /* InitialView.swift in Sources */,
				5A0410482B5F5DBD00F8C330 /* Asteroid.swift in Sources */,
				5A131B812B62E62200BD530D /* PauseView.swift in Sources */,
				5A137BAD2B63FC0A006605F4 /* GameOverView.swift in Sources */,
				5A137BBD2B66B938006605F4 /* AsteroidsGenerator.swift in Sources */,
				5A137BB52B646183006605F4 /* Ship.swift in Sources */,
				5A137BBF2B66F6A2006605F4 /* GameViewModel.swift in Sources */,
				5A2A9CF52B5C3F7B0067DC6A /* JoystickView.swift in Sources */,
				5A0410462B5F5DA400F8C330 /* AsteroidView.swift in Sources */,
				5A137BB72B65F2F7006605F4 /* Const.swift in Sources */,
			);
			runOnlyForDeploymentPostprocessing = 0;
		};
/* End PBXSourcesBuildPhase section */

/* Begin XCBuildConfiguration section */
		5A2A9CEF2B5C3B000067DC6A /* Debug */ = {
			isa = XCBuildConfiguration;
			buildSettings = {
				ALWAYS_SEARCH_USER_PATHS = NO;
				ASSETCATALOG_COMPILER_GENERATE_SWIFT_ASSET_SYMBOL_EXTENSIONS = YES;
				CLANG_ANALYZER_NONNULL = YES;
				CLANG_ANALYZER_NUMBER_OBJECT_CONVERSION = YES_AGGRESSIVE;
				CLANG_CXX_LANGUAGE_STANDARD = "gnu++20";
				CLANG_ENABLE_MODULES = YES;
				CLANG_ENABLE_OBJC_ARC = YES;
				CLANG_ENABLE_OBJC_WEAK = YES;
				CLANG_WARN_BLOCK_CAPTURE_AUTORELEASING = YES;
				CLANG_WARN_BOOL_CONVERSION = YES;
				CLANG_WARN_COMMA = YES;
				CLANG_WARN_CONSTANT_CONVERSION = YES;
				CLANG_WARN_DEPRECATED_OBJC_IMPLEMENTATIONS = YES;
				CLANG_WARN_DIRECT_OBJC_ISA_USAGE = YES_ERROR;
				CLANG_WARN_DOCUMENTATION_COMMENTS = YES;
				CLANG_WARN_EMPTY_BODY = YES;
				CLANG_WARN_ENUM_CONVERSION = YES;
				CLANG_WARN_INFINITE_RECURSION = YES;
				CLANG_WARN_INT_CONVERSION = YES;
				CLANG_WARN_NON_LITERAL_NULL_CONVERSION = YES;
				CLANG_WARN_OBJC_IMPLICIT_RETAIN_SELF = YES;
				CLANG_WARN_OBJC_LITERAL_CONVERSION = YES;
				CLANG_WARN_OBJC_ROOT_CLASS = YES_ERROR;
				CLANG_WARN_QUOTED_INCLUDE_IN_FRAMEWORK_HEADER = YES;
				CLANG_WARN_RANGE_LOOP_ANALYSIS = YES;
				CLANG_WARN_STRICT_PROTOTYPES = YES;
				CLANG_WARN_SUSPICIOUS_MOVE = YES;
				CLANG_WARN_UNGUARDED_AVAILABILITY = YES_AGGRESSIVE;
				CLANG_WARN_UNREACHABLE_CODE = YES;
				CLANG_WARN__DUPLICATE_METHOD_MATCH = YES;
				COPY_PHASE_STRIP = NO;
				DEBUG_INFORMATION_FORMAT = dwarf;
				ENABLE_STRICT_OBJC_MSGSEND = YES;
				ENABLE_TESTABILITY = YES;
				ENABLE_USER_SCRIPT_SANDBOXING = YES;
				GCC_C_LANGUAGE_STANDARD = gnu17;
				GCC_DYNAMIC_NO_PIC = NO;
				GCC_NO_COMMON_BLOCKS = YES;
				GCC_OPTIMIZATION_LEVEL = 0;
				GCC_PREPROCESSOR_DEFINITIONS = (
					"DEBUG=1",
					"$(inherited)",
				);
				GCC_WARN_64_TO_32_BIT_CONVERSION = YES;
				GCC_WARN_ABOUT_RETURN_TYPE = YES_ERROR;
				GCC_WARN_UNDECLARED_SELECTOR = YES;
				GCC_WARN_UNINITIALIZED_AUTOS = YES_AGGRESSIVE;
				GCC_WARN_UNUSED_FUNCTION = YES;
				GCC_WARN_UNUSED_VARIABLE = YES;
				IPHONEOS_DEPLOYMENT_TARGET = 17.2;
				LOCALIZATION_PREFERS_STRING_CATALOGS = YES;
				MTL_ENABLE_DEBUG_INFO = INCLUDE_SOURCE;
				MTL_FAST_MATH = YES;
				ONLY_ACTIVE_ARCH = YES;
				SDKROOT = iphoneos;
				SWIFT_ACTIVE_COMPILATION_CONDITIONS = "DEBUG $(inherited)";
				SWIFT_OPTIMIZATION_LEVEL = "-Onone";
			};
			name = Debug;
		};
		5A2A9CF02B5C3B000067DC6A /* Release */ = {
			isa = XCBuildConfiguration;
			buildSettings = {
				ALWAYS_SEARCH_USER_PATHS = NO;
				ASSETCATALOG_COMPILER_GENERATE_SWIFT_ASSET_SYMBOL_EXTENSIONS = YES;
				CLANG_ANALYZER_NONNULL = YES;
				CLANG_ANALYZER_NUMBER_OBJECT_CONVERSION = YES_AGGRESSIVE;
				CLANG_CXX_LANGUAGE_STANDARD = "gnu++20";
				CLANG_ENABLE_MODULES = YES;
				CLANG_ENABLE_OBJC_ARC = YES;
				CLANG_ENABLE_OBJC_WEAK = YES;
				CLANG_WARN_BLOCK_CAPTURE_AUTORELEASING = YES;
				CLANG_WARN_BOOL_CONVERSION = YES;
				CLANG_WARN_COMMA = YES;
				CLANG_WARN_CONSTANT_CONVERSION = YES;
				CLANG_WARN_DEPRECATED_OBJC_IMPLEMENTATIONS = YES;
				CLANG_WARN_DIRECT_OBJC_ISA_USAGE = YES_ERROR;
				CLANG_WARN_DOCUMENTATION_COMMENTS = YES;
				CLANG_WARN_EMPTY_BODY = YES;
				CLANG_WARN_ENUM_CONVERSION = YES;
				CLANG_WARN_INFINITE_RECURSION = YES;
				CLANG_WARN_INT_CONVERSION = YES;
				CLANG_WARN_NON_LITERAL_NULL_CONVERSION = YES;
				CLANG_WARN_OBJC_IMPLICIT_RETAIN_SELF = YES;
				CLANG_WARN_OBJC_LITERAL_CONVERSION = YES;
				CLANG_WARN_OBJC_ROOT_CLASS = YES_ERROR;
				CLANG_WARN_QUOTED_INCLUDE_IN_FRAMEWORK_HEADER = YES;
				CLANG_WARN_RANGE_LOOP_ANALYSIS = YES;
				CLANG_WARN_STRICT_PROTOTYPES = YES;
				CLANG_WARN_SUSPICIOUS_MOVE = YES;
				CLANG_WARN_UNGUARDED_AVAILABILITY = YES_AGGRESSIVE;
				CLANG_WARN_UNREACHABLE_CODE = YES;
				CLANG_WARN__DUPLICATE_METHOD_MATCH = YES;
				COPY_PHASE_STRIP = NO;
				DEBUG_INFORMATION_FORMAT = "dwarf-with-dsym";
				ENABLE_NS_ASSERTIONS = NO;
				ENABLE_STRICT_OBJC_MSGSEND = YES;
				ENABLE_USER_SCRIPT_SANDBOXING = YES;
				GCC_C_LANGUAGE_STANDARD = gnu17;
				GCC_NO_COMMON_BLOCKS = YES;
				GCC_WARN_64_TO_32_BIT_CONVERSION = YES;
				GCC_WARN_ABOUT_RETURN_TYPE = YES_ERROR;
				GCC_WARN_UNDECLARED_SELECTOR = YES;
				GCC_WARN_UNINITIALIZED_AUTOS = YES_AGGRESSIVE;
				GCC_WARN_UNUSED_FUNCTION = YES;
				GCC_WARN_UNUSED_VARIABLE = YES;
				IPHONEOS_DEPLOYMENT_TARGET = 17.2;
				LOCALIZATION_PREFERS_STRING_CATALOGS = YES;
				MTL_ENABLE_DEBUG_INFO = NO;
				MTL_FAST_MATH = YES;
				SDKROOT = iphoneos;
				SWIFT_COMPILATION_MODE = wholemodule;
				VALIDATE_PRODUCT = YES;
			};
			name = Release;
		};
		5A2A9CF22B5C3B000067DC6A /* Debug */ = {
			isa = XCBuildConfiguration;
			buildSettings = {
				ASSETCATALOG_COMPILER_APPICON_NAME = AppIcon;
				ASSETCATALOG_COMPILER_GLOBAL_ACCENT_COLOR_NAME = AccentColor;
				CODE_SIGN_STYLE = Automatic;
				CURRENT_PROJECT_VERSION = 1;
				DEVELOPMENT_ASSET_PATHS = "\"GalaxianSwiftUI/Preview Content\"";
				DEVELOPMENT_TEAM = J43673834C;
				ENABLE_PREVIEWS = YES;
				GENERATE_INFOPLIST_FILE = YES;
				INFOPLIST_KEY_CFBundleDisplayName = "Asteroids Rain";
				INFOPLIST_KEY_UIApplicationSceneManifest_Generation = YES;
				INFOPLIST_KEY_UIApplicationSupportsIndirectInputEvents = YES;
				INFOPLIST_KEY_UILaunchScreen_Generation = YES;
				INFOPLIST_KEY_UISupportedInterfaceOrientations_iPad = "UIInterfaceOrientationPortrait UIInterfaceOrientationPortraitUpsideDown UIInterfaceOrientationLandscapeLeft UIInterfaceOrientationLandscapeRight";
				INFOPLIST_KEY_UISupportedInterfaceOrientations_iPhone = "UIInterfaceOrientationPortrait UIInterfaceOrientationLandscapeLeft UIInterfaceOrientationLandscapeRight";
				LD_RUNPATH_SEARCH_PATHS = (
					"$(inherited)",
					"@executable_path/Frameworks",
				);
				MARKETING_VERSION = 1.0;
				PRODUCT_BUNDLE_IDENTIFIER = com.netoloboapps.GalaxianSwiftUI;
				PRODUCT_NAME = "$(TARGET_NAME)";
				SWIFT_EMIT_LOC_STRINGS = YES;
				SWIFT_VERSION = 5.0;
				TARGETED_DEVICE_FAMILY = "1,2";
			};
			name = Debug;
		};
		5A2A9CF32B5C3B000067DC6A /* Release */ = {
			isa = XCBuildConfiguration;
			buildSettings = {
				ASSETCATALOG_COMPILER_APPICON_NAME = AppIcon;
				ASSETCATALOG_COMPILER_GLOBAL_ACCENT_COLOR_NAME = AccentColor;
				CODE_SIGN_STYLE = Automatic;
				CURRENT_PROJECT_VERSION = 1;
				DEVELOPMENT_ASSET_PATHS = "\"GalaxianSwiftUI/Preview Content\"";
				DEVELOPMENT_TEAM = J43673834C;
				ENABLE_PREVIEWS = YES;
				GENERATE_INFOPLIST_FILE = YES;
				INFOPLIST_KEY_CFBundleDisplayName = "Asteroids Rain";
				INFOPLIST_KEY_UIApplicationSceneManifest_Generation = YES;
				INFOPLIST_KEY_UIApplicationSupportsIndirectInputEvents = YES;
				INFOPLIST_KEY_UILaunchScreen_Generation = YES;
				INFOPLIST_KEY_UISupportedInterfaceOrientations_iPad = "UIInterfaceOrientationPortrait UIInterfaceOrientationPortraitUpsideDown UIInterfaceOrientationLandscapeLeft UIInterfaceOrientationLandscapeRight";
				INFOPLIST_KEY_UISupportedInterfaceOrientations_iPhone = "UIInterfaceOrientationPortrait UIInterfaceOrientationLandscapeLeft UIInterfaceOrientationLandscapeRight";
				LD_RUNPATH_SEARCH_PATHS = (
					"$(inherited)",
					"@executable_path/Frameworks",
				);
				MARKETING_VERSION = 1.0;
				PRODUCT_BUNDLE_IDENTIFIER = com.netoloboapps.GalaxianSwiftUI;
				PRODUCT_NAME = "$(TARGET_NAME)";
				SWIFT_EMIT_LOC_STRINGS = YES;
				SWIFT_VERSION = 5.0;
				TARGETED_DEVICE_FAMILY = "1,2";
			};
			name = Release;
		};
/* End XCBuildConfiguration section */

/* Begin XCConfigurationList section */
		5A2A9CDE2B5C3AFD0067DC6A /* Build configuration list for PBXProject "GalaxianSwiftUI" */ = {
			isa = XCConfigurationList;
			buildConfigurations = (
				5A2A9CEF2B5C3B000067DC6A /* Debug */,
				5A2A9CF02B5C3B000067DC6A /* Release */,
			);
			defaultConfigurationIsVisible = 0;
			defaultConfigurationName = Release;
		};
		5A2A9CF12B5C3B000067DC6A /* Build configuration list for PBXNativeTarget "GalaxianSwiftUI" */ = {
			isa = XCConfigurationList;
			buildConfigurations = (
				5A2A9CF22B5C3B000067DC6A /* Debug */,
				5A2A9CF32B5C3B000067DC6A /* Release */,
			);
			defaultConfigurationIsVisible = 0;
			defaultConfigurationName = Release;
		};
/* End XCConfigurationList section */
	};
	rootObject = 5A2A9CDB2B5C3AFD0067DC6A /* Project object */;
}
